
Microsoft Visual Studio Solution File, Format Version 12.00
# Visual Studio Version 16
VisualStudioVersion = 16.0.31321.278
MinimumVisualStudioVersion = 10.0.40219.1
Project("{FAE04EC0-301F-11D3-BF4B-00C04F79EFBC}") = "Teste Variavel Constante", "Teste Variavel Constante\Teste Variavel Constante.csproj", "{1C2F9ABD-49D2-4FE4-8BFC-89083D25FE33}"
EndProject
Global
	GlobalSection(SolutionConfigurationPlatforms) = preSolution
		Debug|Any CPU = Debug|Any CPU
		Release|Any CPU = Release|Any CPU
	EndGlobalSection
	GlobalSection(ProjectConfigurationPlatforms) = postSolution
		{1C2F9ABD-49D2-4FE4-8BFC-89083D25FE33}.Debug|Any CPU.ActiveCfg = Debug|Any CPU
		{1C2F9ABD-49D2-4FE4-8BFC-89083D25FE33}.Debug|Any CPU.Build.0 = Debug|Any CPU
		{1C2F9ABD-49D2-4FE4-8BFC-89083D25FE33}.Release|Any CPU.ActiveCfg = Release|Any CPU
		{1C2F9ABD-49D2-4FE4-8BFC-89083D25FE33}.Release|Any CPU.Build.0 = Release|Any CPU
	EndGlobalSection
	GlobalSection(SolutionProperties) = preSolution
		HideSolutionNode = FALSE
	EndGlobalSection
	GlobalSection(ExtensibilityGlobals) = postSolution
		SolutionGuid = {A2AEDFC3-2FAE-4902-99E0-092D69C15B58}
	EndGlobalSection
EndGlobal
